
Microsoft Visual Studio Solution File, Format Version 12.00
# Visual Studio Version 17
VisualStudioVersion = 17.6.33829.357
MinimumVisualStudioVersion = 10.0.40219.1
Project("{9A19103F-16F7-4668-BE54-9A1E7A4F7556}") = "InternshipProject#2", "InternshipProject#2\InternshipProject#2.csproj", "{F946B1AE-DCEC-449B-AF73-7B148B7A4ACA}"
EndProject
Project("{00D1A9C2-B5F0-4AF3-8072-F6C62B433612}") = "Database", "Database\Database.sqlproj", "{CD107738-86E6-4587-8ED6-E7A011CB3E83}"
EndProject
Project("{9A19103F-16F7-4668-BE54-9A1E7A4F7556}") = "RequestResponseModels", "RequestResponseModels\RequestResponseModels.csproj", "{E44B5B0F-2642-42DD-A991-9689D9EF65A8}"
EndProject
Project("{9A19103F-16F7-4668-BE54-9A1E7A4F7556}") = "UnitTests", "UnitTests\UnitTests.csproj", "{814FA560-DA02-40C5-ACAF-C18D2C5D8F0C}"
EndProject
Global
	GlobalSection(SolutionConfigurationPlatforms) = preSolution
		Debug|Any CPU = Debug|Any CPU
		Debug|x64 = Debug|x64
		Release|Any CPU = Release|Any CPU
		Release|x64 = Release|x64
	EndGlobalSection
	GlobalSection(ProjectConfigurationPlatforms) = postSolution
		{F946B1AE-DCEC-449B-AF73-7B148B7A4ACA}.Debug|Any CPU.ActiveCfg = Debug|Any CPU
		{F946B1AE-DCEC-449B-AF73-7B148B7A4ACA}.Debug|Any CPU.Build.0 = Debug|Any CPU
		{F946B1AE-DCEC-449B-AF73-7B148B7A4ACA}.Debug|x64.ActiveCfg = Debug|x64
		{F946B1AE-DCEC-449B-AF73-7B148B7A4ACA}.Debug|x64.Build.0 = Debug|x64
		{F946B1AE-DCEC-449B-AF73-7B148B7A4ACA}.Release|Any CPU.ActiveCfg = Release|Any CPU
		{F946B1AE-DCEC-449B-AF73-7B148B7A4ACA}.Release|Any CPU.Build.0 = Release|Any CPU
		{F946B1AE-DCEC-449B-AF73-7B148B7A4ACA}.Release|x64.ActiveCfg = Release|x64
		{F946B1AE-DCEC-449B-AF73-7B148B7A4ACA}.Release|x64.Build.0 = Release|x64
		{CD107738-86E6-4587-8ED6-E7A011CB3E83}.Debug|Any CPU.ActiveCfg = Debug|Any CPU
		{CD107738-86E6-4587-8ED6-E7A011CB3E83}.Debug|Any CPU.Build.0 = Debug|Any CPU
		{CD107738-86E6-4587-8ED6-E7A011CB3E83}.Debug|Any CPU.Deploy.0 = Debug|Any CPU
		{CD107738-86E6-4587-8ED6-E7A011CB3E83}.Debug|x64.ActiveCfg = Debug|x64
		{CD107738-86E6-4587-8ED6-E7A011CB3E83}.Debug|x64.Build.0 = Debug|x64
		{CD107738-86E6-4587-8ED6-E7A011CB3E83}.Debug|x64.Deploy.0 = Debug|x64
		{CD107738-86E6-4587-8ED6-E7A011CB3E83}.Release|Any CPU.ActiveCfg = Release|Any CPU
		{CD107738-86E6-4587-8ED6-E7A011CB3E83}.Release|Any CPU.Build.0 = Release|Any CPU
		{CD107738-86E6-4587-8ED6-E7A011CB3E83}.Release|Any CPU.Deploy.0 = Release|Any CPU
		{CD107738-86E6-4587-8ED6-E7A011CB3E83}.Release|x64.ActiveCfg = Release|x64
		{CD107738-86E6-4587-8ED6-E7A011CB3E83}.Release|x64.Build.0 = Release|x64
		{CD107738-86E6-4587-8ED6-E7A011CB3E83}.Release|x64.Deploy.0 = Release|x64
		{98F185BA-E52E-475A-8523-19D23541AD3E}.Debug|Any CPU.ActiveCfg = Debug|Any CPU
		{98F185BA-E52E-475A-8523-19D23541AD3E}.Debug|Any CPU.Build.0 = Debug|Any CPU
		{98F185BA-E52E-475A-8523-19D23541AD3E}.Release|Any CPU.ActiveCfg = Release|Any CPU
		{98F185BA-E52E-475A-8523-19D23541AD3E}.Release|Any CPU.Build.0 = Release|Any CPU


		{E44B5B0F-2642-42DD-A991-9689D9EF65A8}.Debug|Any CPU.ActiveCfg = Debug|Any CPU
		{E44B5B0F-2642-42DD-A991-9689D9EF65A8}.Debug|Any CPU.Build.0 = Debug|Any CPU
		{E44B5B0F-2642-42DD-A991-9689D9EF65A8}.Debug|x64.ActiveCfg = Debug|x64
		{E44B5B0F-2642-42DD-A991-9689D9EF65A8}.Debug|x64.Build.0 = Debug|x64
		{E44B5B0F-2642-42DD-A991-9689D9EF65A8}.Release|Any CPU.ActiveCfg = Release|Any CPU
		{E44B5B0F-2642-42DD-A991-9689D9EF65A8}.Release|Any CPU.Build.0 = Release|Any CPU
		{E44B5B0F-2642-42DD-A991-9689D9EF65A8}.Release|x64.ActiveCfg = Release|x64
		{E44B5B0F-2642-42DD-A991-9689D9EF65A8}.Release|x64.Build.0 = Release|x64
		{BED4C13A-6E51-49C1-AC5C-BE3EB6AC3B91}.Debug|Any CPU.ActiveCfg = Debug|Any CPU
		{BED4C13A-6E51-49C1-AC5C-BE3EB6AC3B91}.Debug|Any CPU.Build.0 = Debug|Any CPU
		{BED4C13A-6E51-49C1-AC5C-BE3EB6AC3B91}.Release|Any CPU.ActiveCfg = Release|Any CPU
		{BED4C13A-6E51-49C1-AC5C-BE3EB6AC3B91}.Release|Any CPU.Build.0 = Release|Any CPU

		{814FA560-DA02-40C5-ACAF-C18D2C5D8F0C}.Debug|Any CPU.ActiveCfg = Debug|Any CPU
		{814FA560-DA02-40C5-ACAF-C18D2C5D8F0C}.Debug|Any CPU.Build.0 = Debug|Any CPU
		{814FA560-DA02-40C5-ACAF-C18D2C5D8F0C}.Debug|x64.ActiveCfg = Debug|x64
		{814FA560-DA02-40C5-ACAF-C18D2C5D8F0C}.Debug|x64.Build.0 = Debug|x64
		{814FA560-DA02-40C5-ACAF-C18D2C5D8F0C}.Release|Any CPU.ActiveCfg = Release|Any CPU
		{814FA560-DA02-40C5-ACAF-C18D2C5D8F0C}.Release|Any CPU.Build.0 = Release|Any CPU
		{814FA560-DA02-40C5-ACAF-C18D2C5D8F0C}.Release|x64.ActiveCfg = Release|x64
		{814FA560-DA02-40C5-ACAF-C18D2C5D8F0C}.Release|x64.Build.0 = Release|x64
		{04BEB576-E0A0-452F-AF2C-478475F14FD3}.Debug|Any CPU.ActiveCfg = Debug|Any CPU
		{04BEB576-E0A0-452F-AF2C-478475F14FD3}.Debug|Any CPU.Build.0 = Debug|Any CPU
		{04BEB576-E0A0-452F-AF2C-478475F14FD3}.Release|Any CPU.ActiveCfg = Release|Any CPU
		{04BEB576-E0A0-452F-AF2C-478475F14FD3}.Release|Any CPU.Build.0 = Release|Any CPU
		{7B3916EB-1DB7-4361-9447-5A9C6EC1B965}.Debug|Any CPU.ActiveCfg = Debug|Any CPU
		{7B3916EB-1DB7-4361-9447-5A9C6EC1B965}.Debug|Any CPU.Build.0 = Debug|Any CPU
		{7B3916EB-1DB7-4361-9447-5A9C6EC1B965}.Release|Any CPU.ActiveCfg = Release|Any CPU
		{7B3916EB-1DB7-4361-9447-5A9C6EC1B965}.Release|Any CPU.Build.0 = Release|Any CPU
		{814FA560-DA02-40C5-ACAF-C18D2C5D8F0C}.Release|x64.ActiveCfg = Release|x64
		{814FA560-DA02-40C5-ACAF-C18D2C5D8F0C}.Release|x64.Build.0 = Release|x64
	EndGlobalSection
	GlobalSection(SolutionProperties) = preSolution
		HideSolutionNode = FALSE
	EndGlobalSection
	GlobalSection(ExtensibilityGlobals) = postSolution
		SolutionGuid = {45F261A6-4F1B-43A3-B7BB-1A8C41F9738C}
	EndGlobalSection
EndGlobal
